
Microsoft Visual Studio Solution File, Format Version 12.00
# Visual Studio 15
VisualStudioVersion = 15.0.26730.16
MinimumVisualStudioVersion = 10.0.40219.1
Project("{8BC9CEB8-8B4A-11D0-8D11-00A0C91BC942}") = "Lab 12", "Lab 12\Lab 12.vcxproj", "{D54D740D-0927-4B6E-991D-30E20F664822}"
EndProject
Global
	GlobalSection(SolutionConfigurationPlatforms) = preSolution
		Debug|x64 = Debug|x64
		Debug|x86 = Debug|x86
		Release|x64 = Release|x64
		Release|x86 = Release|x86
	EndGlobalSection
	GlobalSection(ProjectConfigurationPlatforms) = postSolution
		{D54D740D-0927-4B6E-991D-30E20F664822}.Debug|x64.ActiveCfg = Debug|x64
		{D54D740D-0927-4B6E-991D-30E20F664822}.Debug|x64.Build.0 = Debug|x64
		{D54D740D-0927-4B6E-991D-30E20F664822}.Debug|x86.ActiveCfg = Debug|Win32
		{D54D740D-0927-4B6E-991D-30E20F664822}.Debug|x86.Build.0 = Debug|Win32
		{D54D740D-0927-4B6E-991D-30E20F664822}.Release|x64.ActiveCfg = Release|x64
		{D54D740D-0927-4B6E-991D-30E20F664822}.Release|x64.Build.0 = Release|x64
		{D54D740D-0927-4B6E-991D-30E20F664822}.Release|x86.ActiveCfg = Release|Win32
		{D54D740D-0927-4B6E-991D-30E20F664822}.Release|x86.Build.0 = Release|Win32
	EndGlobalSection
	GlobalSection(SolutionProperties) = preSolution
		HideSolutionNode = FALSE
	EndGlobalSection
	GlobalSection(ExtensibilityGlobals) = postSolution
		SolutionGuid = {5D4AF2EF-1DEB-43D1-92BC-3289F9C32A00}
	EndGlobalSection
EndGlobal
